version = 1
revision = 3
requires-python = ">=3.8"
resolution-markers = [
    "python_full_version >= '3.9'",
    "python_full_version < '3.9'",
]

[[package]]
name = "evdev"
version = "1.9.2"
source = { registry = "https://pypi.org/simple" }
sdist = { url = "https://files.pythonhosted.org/packages/63/fe/a17c106a1f4061ce83f04d14bcedcfb2c38c7793ea56bfb906a6fadae8cb/evdev-1.9.2.tar.gz", hash = "sha256:5d3278892ce1f92a74d6bf888cc8525d9f68af85dbe336c95d1c87fb8f423069", size = 33301, upload-time = "2025-05-01T19:53:47.69Z" }

[[package]]
name = "murtaza"
version = "0.1.0"
source = { directory = "../python/murtaza" }

[[package]]
name = "numpad-midi"
version = "0.1.0"
source = { virtual = "." }
dependencies = [
    { name = "evdev" },
    { name = "murtaza" },
    { name = "pygobject", version = "3.48.2", source = { registry = "https://pypi.org/simple" }, marker = "python_full_version < '3.9'" },
    { name = "pygobject", version = "3.54.0", source = { registry = "https://pypi.org/simple" }, marker = "python_full_version >= '3.9'" },
    { name = "python-rtmidi" },
]

[package.metadata]
requires-dist = [
    { name = "evdev", specifier = ">=1.6.0" },
    { name = "murtaza", directory = "../python/murtaza" },
    { name = "pygobject", specifier = ">=3.48.2" },
    { name = "python-rtmidi", specifier = ">=1.4.9" },
]

[package.metadata.requires-dev]
dev = []

[[package]]
name = "pycairo"
version = "1.26.1"
source = { registry = "https://pypi.org/simple" }
resolution-markers = [
    "python_full_version < '3.9'",
]
sdist = { url = "https://files.pythonhosted.org/packages/19/4f/0d48a017090d4527e921d6892bc550ae869902e67859fc960f8fe63a9094/pycairo-1.26.1.tar.gz", hash = "sha256:a11b999ce55b798dbf13516ab038e0ce8b6ec299b208d7c4e767a6f7e68e8430", size = 346882, upload-time = "2024-06-21T10:37:41.527Z" }
wheels = [
    { url = "https://files.pythonhosted.org/packages/49/13/6279ce219c5735880af7a0b97d3041f106eebf8e7527aad3e4df4e2fcf6d/pycairo-1.26.1-cp310-cp310-win32.whl", hash = "sha256:b93b9e3072826a346f1f79cb1becc403d1ba4a3971cad61d144db0fe6dcb6be8", size = 766503, upload-time = "2024-06-21T10:37:05.819Z" },
    { url = "https://files.pythonhosted.org/packages/32/ec/cf8510f556ce950546216738cdbee631e917ad6734b5cd84f9204756f708/pycairo-1.26.1-cp310-cp310-win_amd64.whl", hash = "sha256:acfc76924ed668d8fea50f6cc6097b9a57ef6cd3dc3f2fa20814380d639a6dd2", size = 861880, upload-time = "2024-06-21T10:37:10.404Z" },
    { url = "https://files.pythonhosted.org/packages/8c/3b/a0d007048dd550afc3394bc7d80f6ddd1fa9c8d2d12b75aab651f604dba1/pycairo-1.26.1-cp310-cp310-win_arm64.whl", hash = "sha256:067191315c3b4d09cad1ec57cdb8fc1d72e2574e89389c268a94f22d4fa98b5f", size = 675603, upload-time = "2024-06-21T10:37:13.292Z" },
    { url = "https://files.pythonhosted.org/packages/b7/25/7ef228b6436423a606c03044e65f9d7066179e0d3d7e3648979c7899ce9e/pycairo-1.26.1-cp311-cp311-win32.whl", hash = "sha256:56a29623aa7b4adbde5024c61ff001455b5a3def79e512742ea45ab36c3fe24b", size = 766504, upload-time = "2024-06-21T10:37:16.09Z" },
    { url = "https://files.pythonhosted.org/packages/2d/54/fa4f1749b572853f537214bb01b6601b0eba7a9857b3a660e939b1959f4b/pycairo-1.26.1-cp311-cp311-win_amd64.whl", hash = "sha256:8d2889e03a095de5da9e68a589b691a3ada09d60ef18b5fc1b1b99f2a7794297", size = 861879, upload-time = "2024-06-21T10:37:18.802Z" },
    { url = "https://files.pythonhosted.org/packages/6d/e5/e33bdb7a6cf7a86f994fc5950793b79dfd090b4302301daa62e5e7285bd6/pycairo-1.26.1-cp311-cp311-win_arm64.whl", hash = "sha256:7a307111de345304ed8eadd7f81ebd7fb1fc711224aa314a4e8e33af7dfa3d27", size = 675602, upload-time = "2024-06-21T10:37:20.904Z" },
    { url = "https://files.pythonhosted.org/packages/e0/b8/6b92544a90444fc97ea903798bc533e043b2d4653cb2a679d220978741c6/pycairo-1.26.1-cp312-cp312-win32.whl", hash = "sha256:5cc1808e9e30ccd0f4d84ba7700db5aab5673f8b6b901760369ebb88a0823436", size = 766911, upload-time = "2024-06-21T10:37:23.118Z" },
    { url = "https://files.pythonhosted.org/packages/60/18/9d1bfe0c0ff23c65f04001d62d358e56fba11bbc1a86587aabc93f1809ba/pycairo-1.26.1-cp312-cp312-win_amd64.whl", hash = "sha256:36131a726f568b2dbc5e78ff50fbaa379e69db00614d46d66b1e4289caf9b1ce", size = 862105, upload-time = "2024-06-21T10:37:25.7Z" },
    { url = "https://files.pythonhosted.org/packages/f6/71/f21682a17ed0e23d2545a2de39a6f30255868cd81c5f78505640af75f8d3/pycairo-1.26.1-cp312-cp312-win_arm64.whl", hash = "sha256:5577b51543ea4c283c15f436d891e9eaf6fd43fe74882adb032fba2c271f3fe9", size = 675512, upload-time = "2024-06-21T10:37:27.831Z" },
    { url = "https://files.pythonhosted.org/packages/02/00/b72beb131c320fdb23cea8e20cb4a5b38acc6510c2890877a74cdcea484d/pycairo-1.26.1-cp38-cp38-win32.whl", hash = "sha256:27ec7b42c58af35dc11352881262dce4254378b0f11be0959d1c13edb4539d2c", size = 766848, upload-time = "2024-06-21T10:37:30.034Z" },
    { url = "https://files.pythonhosted.org/packages/09/34/619273df157e839e6754ce2ba44bf95522b5b200e2be0fb9c8106329ca46/pycairo-1.26.1-cp38-cp38-win_amd64.whl", hash = "sha256:27357994d277b3fd10a45e9ef58f80a4cb5e3291fe76c5edd58d2d06335eb8e7", size = 862458, upload-time = "2024-06-21T10:37:32.92Z" },
    { url = "https://files.pythonhosted.org/packages/58/3f/9ddd32ef2ca7af25392df6cc01b8d536f2c6de56a28fd2b3e33eb99a51b2/pycairo-1.26.1-cp39-cp39-win32.whl", hash = "sha256:e68300d1c2196d1d34de3432885ae9ff78e10426fa16f765742a11c6f8fe0a71", size = 766767, upload-time = "2024-06-21T10:37:34.827Z" },
    { url = "https://files.pythonhosted.org/packages/97/72/afe8c322fb58fc66f10061f94d74440c40b9a11c7896c6c47f0fdc5a8556/pycairo-1.26.1-cp39-cp39-win_amd64.whl", hash = "sha256:ce049930e294c29b53c68dcaab3df97cc5de7eb1d3d8e8a9f5c77e7164cd6e85", size = 862456, upload-time = "2024-06-21T10:37:37.068Z" },
    { url = "https://files.pythonhosted.org/packages/70/01/0dd13ad12dc840bcbdf313ce5f3658ba8599c33cab87188fa355aafe1a09/pycairo-1.26.1-cp39-cp39-win_arm64.whl", hash = "sha256:22e1db531d4ed3167a98f0ea165bfa2a30df9d6eb22361c38158c031065999a4", size = 675865, upload-time = "2024-06-21T10:37:38.967Z" },
]

[[package]]
name = "pycairo"
version = "1.28.0"
source = { registry = "https://pypi.org/simple" }
resolution-markers = [
    "python_full_version >= '3.9'",
]
sdist = { url = "https://files.pythonhosted.org/packages/40/d9/412da520de9052b7e80bfc810ec10f5cb3dbfa4aa3e23c2820dc61cdb3d0/pycairo-1.28.0.tar.gz", hash = "sha256:26ec5c6126781eb167089a123919f87baa2740da2cca9098be8b3a6b91cc5fbc", size = 662477, upload-time = "2025-04-14T20:11:08.218Z" }
wheels = [
    { url = "https://files.pythonhosted.org/packages/3e/67/6e5d6328c6037f0479017f51e97f5cbb79a68ed6e93f671dac17cb47bf2e/pycairo-1.28.0-cp310-cp310-win32.whl", hash = "sha256:53e6dbc98456f789965dad49ef89ce2c62f9a10fc96c8d084e14da0ffb73d8a6", size = 750438, upload-time = "2025-04-14T20:10:43.722Z" },
    { url = "https://files.pythonhosted.org/packages/00/79/e941186c2275333643504f57711b157ba17e81a2be805346585ad7fd382e/pycairo-1.28.0-cp310-cp310-win_amd64.whl", hash = "sha256:c8ab91a75025f984bc327ada335c787efb61c929ea0512063793cb36cee503d4", size = 841526, upload-time = "2025-04-14T20:10:45.557Z" },
    { url = "https://files.pythonhosted.org/packages/84/4b/3495baabd3c830bf80bf112a0e645342bfe8f3fc05ed6423444adf62d496/pycairo-1.28.0-cp310-cp310-win_arm64.whl", hash = "sha256:e955328c1a5147bf71ee94e206413ce15e12630296a79788fcd246c80e5337b8", size = 691866, upload-time = "2025-04-16T19:30:17.73Z" },
    { url = "https://files.pythonhosted.org/packages/c9/94/47d75f4eaac865f32e0550ed42869f8b3c4036f8e2b1e6163e9548f4d44f/pycairo-1.28.0-cp311-cp311-win32.whl", hash = "sha256:0fee15f5d72b13ba5fd065860312493dc1bca6ff2dce200ee9d704e11c94e60a", size = 750441, upload-time = "2025-04-14T20:10:48.311Z" },
    { url = "https://files.pythonhosted.org/packages/aa/02/1169a2917b043998585f9dd0f36da618947fdf9b6cc0e9ff9852aa4d548b/pycairo-1.28.0-cp311-cp311-win_amd64.whl", hash = "sha256:6339979bfec8b58a06476094a9a5c104bd5a99932ddaff16ca0d9203d2f4482c", size = 841536, upload-time = "2025-04-14T20:10:51.112Z" },
    { url = "https://files.pythonhosted.org/packages/eb/99/13031086fb4d4ea71568d9ce74e03afbb2e18047f1e6b4e8674851f0414f/pycairo-1.28.0-cp311-cp311-win_arm64.whl", hash = "sha256:c6ae15392e28ebfc0b35d8dc05d395d3b6be4bad9ad4caecf0fa12c8e7150225", size = 691895, upload-time = "2025-04-16T19:30:20.724Z" },
    { url = "https://files.pythonhosted.org/packages/a9/d7/206d7945aac5c6c889e7fea4011410d1311455a1d8dfce66106d8d700b7f/pycairo-1.28.0-cp312-cp312-win32.whl", hash = "sha256:c00cfbb7f30eb7ca1d48886712932e2d91e8835a8496f4e423878296ceba573e", size = 750594, upload-time = "2025-04-14T20:10:53.72Z" },
    { url = "https://files.pythonhosted.org/packages/2e/ba/259fc9a4d3afdad1e5b9db52b9d8a5df67f70dd787167185e8ec8a1af007/pycairo-1.28.0-cp312-cp312-win_amd64.whl", hash = "sha256:d50d190f5033992b55050b9f337ee42a45c3568445d5e5d7987bab96c278d8a6", size = 841767, upload-time = "2025-04-14T20:10:56.711Z" },
    { url = "https://files.pythonhosted.org/packages/c0/08/aa0903612ea0e8686ad6af58d4fb9cbab8ee0b0831201cddf7abd578d045/pycairo-1.28.0-cp312-cp312-win_arm64.whl", hash = "sha256:957e0340ee1c279d197d4f7cfa96f6d8b48e453eec711fca999748d752468ff4", size = 691687, upload-time = "2025-04-16T19:30:23.729Z" },
    { url = "https://files.pythonhosted.org/packages/59/a7/c3e5ed55781dfe1b31eb4a2482aeae707671f3d36b0ea53a1722f4a3dfe9/pycairo-1.28.0-cp313-cp313-win32.whl", hash = "sha256:d13352429d8a08a1cb3607767d23d2fb32e4c4f9faa642155383980ec1478c24", size = 750594, upload-time = "2025-04-14T20:10:59.284Z" },
    { url = "https://files.pythonhosted.org/packages/8b/1c/ebadd290748aff3b6bc35431114d41e7a42f40a4b988c2aaf2dfed5d8156/pycairo-1.28.0-cp313-cp313-win_amd64.whl", hash = "sha256:082aef6b3a9dcc328fa648d38ed6b0a31c863e903ead57dd184b2e5f86790140", size = 841774, upload-time = "2025-04-14T20:11:01.79Z" },
    { url = "https://files.pythonhosted.org/packages/3e/ce/a3f5f1946613cd8a4654322b878c59f273c6e9b01dfadadd3f609070e0b9/pycairo-1.28.0-cp313-cp313-win_arm64.whl", hash = "sha256:026afd53b75291917a7412d9fe46dcfbaa0c028febd46ff1132d44a53ac2c8b6", size = 691675, upload-time = "2025-04-16T19:30:26.565Z" },
    { url = "https://files.pythonhosted.org/packages/96/1b/1f5da2b2e44b33a5b269ff28af710b0a7903001d9cf8a40d00fc944a5092/pycairo-1.28.0-cp314-cp314-win32.whl", hash = "sha256:d0ab30585f536101ad6f09052fc3895e2a437ba57531ea07223d0e076248025d", size = 766699, upload-time = "2025-07-24T06:36:07.267Z" },
    { url = "https://files.pythonhosted.org/packages/c9/91/1d5f18bd3ed469b1de8f83bfbf8bd67d23439f075151b66740fd35356190/pycairo-1.28.0-cp314-cp314-win_amd64.whl", hash = "sha256:94f2ed204999ab95a0671a0fa948ffbb9f3d6fb8731fe787917f6d022d9c1c0f", size = 868725, upload-time = "2025-07-24T06:36:09.597Z" },
    { url = "https://files.pythonhosted.org/packages/79/0e/476ffe64b309672aa4012897d91a2bda7e5b2eb43504bbff48be03e5055c/pycairo-1.28.0-cp39-cp39-win32.whl", hash = "sha256:3ed16d48b8a79cc584cb1cb0ad62dfb265f2dda6d6a19ef5aab181693e19c83c", size = 750680, upload-time = "2025-04-14T20:11:04.197Z" },
    { url = "https://files.pythonhosted.org/packages/f4/77/872e843993bb152f93e970f0807ee08b5a496116ad8eadfa0a1590452111/pycairo-1.28.0-cp39-cp39-win_amd64.whl", hash = "sha256:da0d1e6d4842eed4d52779222c6e43d254244a486ca9fdab14e30042fd5bdf28", size = 842157, upload-time = "2025-04-14T20:11:05.981Z" },
    { url = "https://files.pythonhosted.org/packages/a8/c5/fce33dbb973c5ee7606167056502a70eb316350c41c7656e5739a5f9e490/pycairo-1.28.0-cp39-cp39-win_arm64.whl", hash = "sha256:458877513eb2125513122e8aa9c938630e94bb0574f94f4fb5ab55eb23d6e9ac", size = 691902, upload-time = "2025-04-16T19:30:28.615Z" },
]

[[package]]
name = "pygobject"
version = "3.48.2"
source = { registry = "https://pypi.org/simple" }
resolution-markers = [
    "python_full_version < '3.9'",
]
dependencies = [
    { name = "pycairo", version = "1.26.1", source = { registry = "https://pypi.org/simple" }, marker = "python_full_version < '3.9'" },
]
sdist = { url = "https://files.pythonhosted.org/packages/f9/9e/6bab1ed3bd878f0912d9a0600c21f3d88bab0e8a8d4c3ce50f5cf336faaf/pygobject-3.48.2.tar.gz", hash = "sha256:c3c0a7afbe5b2c1c64dc0530109b4dd571085153dbedfbccb8ec7c5ad233f977", size = 715243, upload-time = "2024-04-06T07:20:44.474Z" }

[[package]]
name = "pygobject"
version = "3.54.0"
source = { registry = "https://pypi.org/simple" }
resolution-markers = [
    "python_full_version >= '3.9'",
]
dependencies = [
    { name = "pycairo", version = "1.28.0", source = { registry = "https://pypi.org/simple" }, marker = "python_full_version >= '3.9'" },
]
sdist = { url = "https://files.pythonhosted.org/packages/14/4a/69211cbd13b48f00f2e4bdeb6f2c3867854987e2727b1853b7d1b624d6e0/pygobject-3.54.0.tar.gz", hash = "sha256:4652a7cc7ff950a5099d56ac61a78c144629c20f8855a1306933b46b10f3b417", size = 1271756, upload-time = "2025-09-06T13:24:24.524Z" }

[[package]]
name = "python-rtmidi"
version = "1.5.8"
source = { registry = "https://pypi.org/simple" }
sdist = { url = "https://files.pythonhosted.org/packages/dd/ee/0f91965dcc471714c69df21e5ca3d94dc81411b7dee2d31ff1184bea07c9/python_rtmidi-1.5.8.tar.gz", hash = "sha256:7f9ade68b068ae09000ecb562ae9521da3a234361ad5449e83fc734544d004fa", size = 368130, upload-time = "2023-11-20T21:55:02.192Z" }
wheels = [
    { url = "https://files.pythonhosted.org/packages/46/9c/95c0a6a43bd24a17568e1e31008b1fab7e9a2e54c0ed7301e8d5cc9fa109/python_rtmidi-1.5.8-cp310-cp310-macosx_10_9_x86_64.whl", hash = "sha256:efc07413b30b0039c0d35abe25a81d740c7405124eb58eed141a8f24388e6fe0", size = 148826, upload-time = "2023-11-20T21:54:20.658Z" },
    { url = "https://files.pythonhosted.org/packages/bf/9b/8e452d6edc2c04e3407f542d3185c66ffc2d39c8811cf2b117653a0a4d63/python_rtmidi-1.5.8-cp310-cp310-macosx_11_0_arm64.whl", hash = "sha256:844bd12840c9d4e03dfc89b2cd57c55dcbf5ed7246504d69c6c661732249b19c", size = 145363, upload-time = "2023-11-20T21:54:23.023Z" },
    { url = "https://files.pythonhosted.org/packages/b5/48/aa1d4924f7aa238a192d69aa565b315af0037f684c9475e8b860c679a655/python_rtmidi-1.5.8-cp310-cp310-manylinux_2_28_aarch64.whl", hash = "sha256:8bbaf7c7164471712a93ac60c8f9ed146b336a294a5103223bbaf8f10709a0bf", size = 293253, upload-time = "2023-11-20T21:54:24.899Z" },
    { url = "https://files.pythonhosted.org/packages/bf/24/32dc239047a56f44d8d8090d55010f85a38ed959ffe517c2e87a2aa34190/python_rtmidi-1.5.8-cp310-cp310-manylinux_2_28_x86_64.whl", hash = "sha256:878ce085dfb65c0974810a7e919f73708cbb4c0430c7924b78f25aea1dd4ebee", size = 304051, upload-time = "2023-11-20T21:54:26.82Z" },
    { url = "https://files.pythonhosted.org/packages/9b/0c/cf771eca1b64610e627ca1e67be8390ecdf5e0e1914efbdd9d50ac4c5986/python_rtmidi-1.5.8-cp310-cp310-win_amd64.whl", hash = "sha256:f2138005c6bd3d8b9af05df383679f6d0827d16056e68a941110732310dcb7dd", size = 132157, upload-time = "2023-11-20T21:54:30.059Z" },
    { url = "https://files.pythonhosted.org/packages/4b/0c/23be16b75c90946784b8d233e61db14cf0482def5396821a1ae0bdcd2739/python_rtmidi-1.5.8-cp311-cp311-macosx_10_9_x86_64.whl", hash = "sha256:30d117193dcad8af67c600c405f53eb096e4ff84849760be14c97270af334922", size = 150205, upload-time = "2023-11-20T21:54:31.849Z" },
    { url = "https://files.pythonhosted.org/packages/4b/12/37d41151b08a292719f05dbeae15475537f8aa291cda34c6634b35916dff/python_rtmidi-1.5.8-cp311-cp311-macosx_11_0_arm64.whl", hash = "sha256:4e234dca7f9d783dd3f1e9c9c5c2f295f02b7af3085301d6eed3b428cf49d327", size = 146737, upload-time = "2023-11-20T21:54:33.299Z" },
    { url = "https://files.pythonhosted.org/packages/53/5e/b866491545135c699bfbed62f54b93c4d6587afc2bba6e2cbbe898570c32/python_rtmidi-1.5.8-cp311-cp311-manylinux_2_28_aarch64.whl", hash = "sha256:271d625c489fffb39b3edc5aba67f7c8e29a04a0a0f056ce19e5a888a08b4c59", size = 294847, upload-time = "2023-11-20T21:54:35.017Z" },
    { url = "https://files.pythonhosted.org/packages/a0/79/1ddb4fb1bdb1a8b8bd62007ca4980344a53b7f29633a7bca1088eed964ce/python_rtmidi-1.5.8-cp311-cp311-manylinux_2_28_x86_64.whl", hash = "sha256:46bbf32c8a4bf6c8f0df1c02a68689d0757f13cb7a69f27ccbbed3d7b2365918", size = 305433, upload-time = "2023-11-20T21:54:36.322Z" },
    { url = "https://files.pythonhosted.org/packages/13/ff/2c55797dbf020d462132d1bc5b34d596b400fa197e2a259b8dd2ea2e5954/python_rtmidi-1.5.8-cp311-cp311-win_amd64.whl", hash = "sha256:cfea32c91752fa7aecfe3d6827535c190ba0e646a9accd6604f4fc70cf4b780f", size = 132937, upload-time = "2023-11-20T21:54:38.3Z" },
    { url = "https://files.pythonhosted.org/packages/51/27/887b0378e0a907489a07bdeb808fa5ed349675245c6ee14d9f6d00304f96/python_rtmidi-1.5.8-cp312-cp312-macosx_10_9_x86_64.whl", hash = "sha256:5443634597eb340cdec0734f76267a827c2d366f00a6f9195141c78828016ac2", size = 158861, upload-time = "2023-11-20T21:54:39.549Z" },
    { url = "https://files.pythonhosted.org/packages/4d/ec/57cecde253daab896ce53778520cd41eb062641862ebdb0ee6f97511b1d9/python_rtmidi-1.5.8-cp312-cp312-macosx_11_0_arm64.whl", hash = "sha256:29d9c9d9f82ce679fecad7bb4cb79f3a24574ea84600e377194b4cc1baacec0e", size = 153416, upload-time = "2023-11-20T21:54:40.835Z" },
    { url = "https://files.pythonhosted.org/packages/6f/5b/dc19c53d9d512b74dc2cca3725591cc612b9465645695a0696352a8c8b54/python_rtmidi-1.5.8-cp312-cp312-manylinux_2_28_aarch64.whl", hash = "sha256:25f5a5db7be98911c41ca5bebb262fcf9a7c89600b88fd3c207ceafd3101e721", size = 305696, upload-time = "2023-11-20T21:54:42.037Z" },
    { url = "https://files.pythonhosted.org/packages/f6/92/5a60f56dfb2740e644e932233928947423cd2101895319b331f84527eb31/python_rtmidi-1.5.8-cp312-cp312-manylinux_2_28_x86_64.whl", hash = "sha256:cec30924e305f55284594ccf35a71dee7216fd308dfa2dec1b3ed03e6f243803", size = 315579, upload-time = "2023-11-20T21:54:43.339Z" },
    { url = "https://files.pythonhosted.org/packages/93/46/6af077d262f521ea2bf1ab60b8aad72f34fe6dd55af739176605369d449c/python_rtmidi-1.5.8-cp312-cp312-win_amd64.whl", hash = "sha256:052c89933cae4fca354012d8ca7248f4f9e1e3f062471409d48415a7f7d7e59e", size = 129755, upload-time = "2023-11-20T21:54:44.935Z" },
    { url = "https://files.pythonhosted.org/packages/6c/61/062735cb57ca237f78a60fb7ca097ead1d83f542fa2d172e06416cb7d0f2/python_rtmidi-1.5.8-cp38-cp38-macosx_10_9_x86_64.whl", hash = "sha256:7bce7f17c71a71d8ef0bfeae3cb8a7652dd02f0d5067de882e1ee44eb38518db", size = 155385, upload-time = "2023-11-20T21:54:46.132Z" },
    { url = "https://files.pythonhosted.org/packages/6e/de/81eda7f8f7ab5ee9f28a4d7b59ed2442d0545adb9ba210218bf31dcd1701/python_rtmidi-1.5.8-cp38-cp38-macosx_11_0_arm64.whl", hash = "sha256:1d5da765184150fb946043d59be4039b36a8060ede025f109ef20492dbf99075", size = 150166, upload-time = "2023-11-20T21:54:47.26Z" },
    { url = "https://files.pythonhosted.org/packages/ea/10/fbf8ff2b69f07423fa775bcb688fd1021989dae388318d6906d6cfe060bb/python_rtmidi-1.5.8-cp38-cp38-manylinux_2_28_aarch64.whl", hash = "sha256:a5582983ad57ea7f0a7797ddc3e258efb00f8326113b6ddfa85b5165a4151806", size = 307623, upload-time = "2023-11-20T21:54:48.507Z" },
    { url = "https://files.pythonhosted.org/packages/d7/35/3d3222f330669f59df9592f926f8d7e9735107473898ccc8d348349ab84c/python_rtmidi-1.5.8-cp38-cp38-manylinux_2_28_x86_64.whl", hash = "sha256:c60dd180e5130fb87571e71aea30e2ef0512131aab45865a7d67063ed8e52ca4", size = 321351, upload-time = "2023-11-20T21:54:49.837Z" },
    { url = "https://files.pythonhosted.org/packages/6a/25/7e6b825e0bacec6ae38b25d82aeaf5796eafff782f2b3417b552ea90b8a1/python_rtmidi-1.5.8-cp38-cp38-win_amd64.whl", hash = "sha256:26149186367341bf5b0a3ac17b495f6a25950bd3da6b4f13d25ac0a9ce8208dd", size = 136393, upload-time = "2023-11-20T21:54:51.751Z" },
    { url = "https://files.pythonhosted.org/packages/25/4b/5ca7936f22974fce66f600a3b30e50bb17acb94dbadee0b15b310aaf7066/python_rtmidi-1.5.8-cp39-cp39-macosx_10_9_x86_64.whl", hash = "sha256:82e61bc1b51aa91d9e615827056e80f78dbe364248eecd61698b233f7af903f6", size = 148907, upload-time = "2023-11-20T21:54:52.996Z" },
    { url = "https://files.pythonhosted.org/packages/4d/29/45cc82f68de966069d5884a0ae92f8f04c596f4045f0bf93955c3fe3c2a9/python_rtmidi-1.5.8-cp39-cp39-macosx_11_0_arm64.whl", hash = "sha256:a706e9850e22acc57fa840c60fdc4541baafe462a05ff7631a6d9eb91c65e171", size = 145350, upload-time = "2023-11-20T21:54:54.429Z" },
    { url = "https://files.pythonhosted.org/packages/25/89/0a844ce7f774784f08fe230cbd114dccff722122203efcc1a888876ba5d5/python_rtmidi-1.5.8-cp39-cp39-manylinux_2_28_aarch64.whl", hash = "sha256:5966172ed28add6ff2b76d389702931bfc7ff3cc741c0e4b0d1aaae269ab7a8e", size = 293238, upload-time = "2023-11-20T21:54:55.642Z" },
    { url = "https://files.pythonhosted.org/packages/c7/0a/9c719afb56538041c5b970dc3dea41447fec2850039d0d65f9661ea46f50/python_rtmidi-1.5.8-cp39-cp39-manylinux_2_28_x86_64.whl", hash = "sha256:29661939f9b7bd1a4e29835f50f4790e741dacd21a5cb143297aefb51deefdec", size = 304027, upload-time = "2023-11-20T21:54:58.251Z" },
    { url = "https://files.pythonhosted.org/packages/c9/ea/2b775358c10f7ab13e4bbf07c488f9ea7e26728ac3337657b85116c1323d/python_rtmidi-1.5.8-cp39-cp39-win_amd64.whl", hash = "sha256:dd2bcbea822488fca6b8d9fc7e78a91da12914f3b88dc086f051cb65a643449f", size = 132529, upload-time = "2023-11-20T21:55:00.319Z" },
]
