version = 1
revision = 3
requires-python = ">=3.8"

[[package]]
name = "evdev"
version = "1.9.2"
source = { registry = "https://pypi.org/simple" }
sdist = { url = "https://files.pythonhosted.org/packages/63/fe/a17c106a1f4061ce83f04d14bcedcfb2c38c7793ea56bfb906a6fadae8cb/evdev-1.9.2.tar.gz", hash = "sha256:5d3278892ce1f92a74d6bf888cc8525d9f68af85dbe336c95d1c87fb8f423069", size = 33301, upload-time = "2025-05-01T19:53:47.69Z" }

[[package]]
name = "murtaza"
version = "0.1.0"
source = { directory = "../python/murtaza" }

[[package]]
name = "numpad-midi"
version = "0.1.0"
source = { virtual = "." }
dependencies = [
    { name = "evdev" },
    { name = "murtaza" },
    { name = "python-rtmidi" },
]

[package.metadata]
requires-dist = [
    { name = "evdev", specifier = ">=1.6.0" },
    { name = "murtaza", directory = "../python/murtaza" },
    { name = "python-rtmidi", specifier = ">=1.4.9" },
]

[package.metadata.requires-dev]
dev = []

[[package]]
name = "python-rtmidi"
version = "1.5.8"
source = { registry = "https://pypi.org/simple" }
sdist = { url = "https://files.pythonhosted.org/packages/dd/ee/0f91965dcc471714c69df21e5ca3d94dc81411b7dee2d31ff1184bea07c9/python_rtmidi-1.5.8.tar.gz", hash = "sha256:7f9ade68b068ae09000ecb562ae9521da3a234361ad5449e83fc734544d004fa", size = 368130, upload-time = "2023-11-20T21:55:02.192Z" }
wheels = [
    { url = "https://files.pythonhosted.org/packages/46/9c/95c0a6a43bd24a17568e1e31008b1fab7e9a2e54c0ed7301e8d5cc9fa109/python_rtmidi-1.5.8-cp310-cp310-macosx_10_9_x86_64.whl", hash = "sha256:efc07413b30b0039c0d35abe25a81d740c7405124eb58eed141a8f24388e6fe0", size = 148826, upload-time = "2023-11-20T21:54:20.658Z" },
    { url = "https://files.pythonhosted.org/packages/bf/9b/8e452d6edc2c04e3407f542d3185c66ffc2d39c8811cf2b117653a0a4d63/python_rtmidi-1.5.8-cp310-cp310-macosx_11_0_arm64.whl", hash = "sha256:844bd12840c9d4e03dfc89b2cd57c55dcbf5ed7246504d69c6c661732249b19c", size = 145363, upload-time = "2023-11-20T21:54:23.023Z" },
    { url = "https://files.pythonhosted.org/packages/b5/48/aa1d4924f7aa238a192d69aa565b315af0037f684c9475e8b860c679a655/python_rtmidi-1.5.8-cp310-cp310-manylinux_2_28_aarch64.whl", hash = "sha256:8bbaf7c7164471712a93ac60c8f9ed146b336a294a5103223bbaf8f10709a0bf", size = 293253, upload-time = "2023-11-20T21:54:24.899Z" },
    { url = "https://files.pythonhosted.org/packages/bf/24/32dc239047a56f44d8d8090d55010f85a38ed959ffe517c2e87a2aa34190/python_rtmidi-1.5.8-cp310-cp310-manylinux_2_28_x86_64.whl", hash = "sha256:878ce085dfb65c0974810a7e919f73708cbb4c0430c7924b78f25aea1dd4ebee", size = 304051, upload-time = "2023-11-20T21:54:26.82Z" },
    { url = "https://files.pythonhosted.org/packages/9b/0c/cf771eca1b64610e627ca1e67be8390ecdf5e0e1914efbdd9d50ac4c5986/python_rtmidi-1.5.8-cp310-cp310-win_amd64.whl", hash = "sha256:f2138005c6bd3d8b9af05df383679f6d0827d16056e68a941110732310dcb7dd", size = 132157, upload-time = "2023-11-20T21:54:30.059Z" },
    { url = "https://files.pythonhosted.org/packages/4b/0c/23be16b75c90946784b8d233e61db14cf0482def5396821a1ae0bdcd2739/python_rtmidi-1.5.8-cp311-cp311-macosx_10_9_x86_64.whl", hash = "sha256:30d117193dcad8af67c600c405f53eb096e4ff84849760be14c97270af334922", size = 150205, upload-time = "2023-11-20T21:54:31.849Z" },
    { url = "https://files.pythonhosted.org/packages/4b/12/37d41151b08a292719f05dbeae15475537f8aa291cda34c6634b35916dff/python_rtmidi-1.5.8-cp311-cp311-macosx_11_0_arm64.whl", hash = "sha256:4e234dca7f9d783dd3f1e9c9c5c2f295f02b7af3085301d6eed3b428cf49d327", size = 146737, upload-time = "2023-11-20T21:54:33.299Z" },
    { url = "https://files.pythonhosted.org/packages/53/5e/b866491545135c699bfbed62f54b93c4d6587afc2bba6e2cbbe898570c32/python_rtmidi-1.5.8-cp311-cp311-manylinux_2_28_aarch64.whl", hash = "sha256:271d625c489fffb39b3edc5aba67f7c8e29a04a0a0f056ce19e5a888a08b4c59", size = 294847, upload-time = "2023-11-20T21:54:35.017Z" },
    { url = "https://files.pythonhosted.org/packages/a0/79/1ddb4fb1bdb1a8b8bd62007ca4980344a53b7f29633a7bca1088eed964ce/python_rtmidi-1.5.8-cp311-cp311-manylinux_2_28_x86_64.whl", hash = "sha256:46bbf32c8a4bf6c8f0df1c02a68689d0757f13cb7a69f27ccbbed3d7b2365918", size = 305433, upload-time = "2023-11-20T21:54:36.322Z" },
    { url = "https://files.pythonhosted.org/packages/13/ff/2c55797dbf020d462132d1bc5b34d596b400fa197e2a259b8dd2ea2e5954/python_rtmidi-1.5.8-cp311-cp311-win_amd64.whl", hash = "sha256:cfea32c91752fa7aecfe3d6827535c190ba0e646a9accd6604f4fc70cf4b780f", size = 132937, upload-time = "2023-11-20T21:54:38.3Z" },
    { url = "https://files.pythonhosted.org/packages/51/27/887b0378e0a907489a07bdeb808fa5ed349675245c6ee14d9f6d00304f96/python_rtmidi-1.5.8-cp312-cp312-macosx_10_9_x86_64.whl", hash = "sha256:5443634597eb340cdec0734f76267a827c2d366f00a6f9195141c78828016ac2", size = 158861, upload-time = "2023-11-20T21:54:39.549Z" },
    { url = "https://files.pythonhosted.org/packages/4d/ec/57cecde253daab896ce53778520cd41eb062641862ebdb0ee6f97511b1d9/python_rtmidi-1.5.8-cp312-cp312-macosx_11_0_arm64.whl", hash = "sha256:29d9c9d9f82ce679fecad7bb4cb79f3a24574ea84600e377194b4cc1baacec0e", size = 153416, upload-time = "2023-11-20T21:54:40.835Z" },
    { url = "https://files.pythonhosted.org/packages/6f/5b/dc19c53d9d512b74dc2cca3725591cc612b9465645695a0696352a8c8b54/python_rtmidi-1.5.8-cp312-cp312-manylinux_2_28_aarch64.whl", hash = "sha256:25f5a5db7be98911c41ca5bebb262fcf9a7c89600b88fd3c207ceafd3101e721", size = 305696, upload-time = "2023-11-20T21:54:42.037Z" },
    { url = "https://files.pythonhosted.org/packages/f6/92/5a60f56dfb2740e644e932233928947423cd2101895319b331f84527eb31/python_rtmidi-1.5.8-cp312-cp312-manylinux_2_28_x86_64.whl", hash = "sha256:cec30924e305f55284594ccf35a71dee7216fd308dfa2dec1b3ed03e6f243803", size = 315579, upload-time = "2023-11-20T21:54:43.339Z" },
    { url = "https://files.pythonhosted.org/packages/93/46/6af077d262f521ea2bf1ab60b8aad72f34fe6dd55af739176605369d449c/python_rtmidi-1.5.8-cp312-cp312-win_amd64.whl", hash = "sha256:052c89933cae4fca354012d8ca7248f4f9e1e3f062471409d48415a7f7d7e59e", size = 129755, upload-time = "2023-11-20T21:54:44.935Z" },
    { url = "https://files.pythonhosted.org/packages/6c/61/062735cb57ca237f78a60fb7ca097ead1d83f542fa2d172e06416cb7d0f2/python_rtmidi-1.5.8-cp38-cp38-macosx_10_9_x86_64.whl", hash = "sha256:7bce7f17c71a71d8ef0bfeae3cb8a7652dd02f0d5067de882e1ee44eb38518db", size = 155385, upload-time = "2023-11-20T21:54:46.132Z" },
    { url = "https://files.pythonhosted.org/packages/6e/de/81eda7f8f7ab5ee9f28a4d7b59ed2442d0545adb9ba210218bf31dcd1701/python_rtmidi-1.5.8-cp38-cp38-macosx_11_0_arm64.whl", hash = "sha256:1d5da765184150fb946043d59be4039b36a8060ede025f109ef20492dbf99075", size = 150166, upload-time = "2023-11-20T21:54:47.26Z" },
    { url = "https://files.pythonhosted.org/packages/ea/10/fbf8ff2b69f07423fa775bcb688fd1021989dae388318d6906d6cfe060bb/python_rtmidi-1.5.8-cp38-cp38-manylinux_2_28_aarch64.whl", hash = "sha256:a5582983ad57ea7f0a7797ddc3e258efb00f8326113b6ddfa85b5165a4151806", size = 307623, upload-time = "2023-11-20T21:54:48.507Z" },
    { url = "https://files.pythonhosted.org/packages/d7/35/3d3222f330669f59df9592f926f8d7e9735107473898ccc8d348349ab84c/python_rtmidi-1.5.8-cp38-cp38-manylinux_2_28_x86_64.whl", hash = "sha256:c60dd180e5130fb87571e71aea30e2ef0512131aab45865a7d67063ed8e52ca4", size = 321351, upload-time = "2023-11-20T21:54:49.837Z" },
    { url = "https://files.pythonhosted.org/packages/6a/25/7e6b825e0bacec6ae38b25d82aeaf5796eafff782f2b3417b552ea90b8a1/python_rtmidi-1.5.8-cp38-cp38-win_amd64.whl", hash = "sha256:26149186367341bf5b0a3ac17b495f6a25950bd3da6b4f13d25ac0a9ce8208dd", size = 136393, upload-time = "2023-11-20T21:54:51.751Z" },
    { url = "https://files.pythonhosted.org/packages/25/4b/5ca7936f22974fce66f600a3b30e50bb17acb94dbadee0b15b310aaf7066/python_rtmidi-1.5.8-cp39-cp39-macosx_10_9_x86_64.whl", hash = "sha256:82e61bc1b51aa91d9e615827056e80f78dbe364248eecd61698b233f7af903f6", size = 148907, upload-time = "2023-11-20T21:54:52.996Z" },
    { url = "https://files.pythonhosted.org/packages/4d/29/45cc82f68de966069d5884a0ae92f8f04c596f4045f0bf93955c3fe3c2a9/python_rtmidi-1.5.8-cp39-cp39-macosx_11_0_arm64.whl", hash = "sha256:a706e9850e22acc57fa840c60fdc4541baafe462a05ff7631a6d9eb91c65e171", size = 145350, upload-time = "2023-11-20T21:54:54.429Z" },
    { url = "https://files.pythonhosted.org/packages/25/89/0a844ce7f774784f08fe230cbd114dccff722122203efcc1a888876ba5d5/python_rtmidi-1.5.8-cp39-cp39-manylinux_2_28_aarch64.whl", hash = "sha256:5966172ed28add6ff2b76d389702931bfc7ff3cc741c0e4b0d1aaae269ab7a8e", size = 293238, upload-time = "2023-11-20T21:54:55.642Z" },
    { url = "https://files.pythonhosted.org/packages/c7/0a/9c719afb56538041c5b970dc3dea41447fec2850039d0d65f9661ea46f50/python_rtmidi-1.5.8-cp39-cp39-manylinux_2_28_x86_64.whl", hash = "sha256:29661939f9b7bd1a4e29835f50f4790e741dacd21a5cb143297aefb51deefdec", size = 304027, upload-time = "2023-11-20T21:54:58.251Z" },
    { url = "https://files.pythonhosted.org/packages/c9/ea/2b775358c10f7ab13e4bbf07c488f9ea7e26728ac3337657b85116c1323d/python_rtmidi-1.5.8-cp39-cp39-win_amd64.whl", hash = "sha256:dd2bcbea822488fca6b8d9fc7e78a91da12914f3b88dc086f051cb65a643449f", size = 132529, upload-time = "2023-11-20T21:55:00.319Z" },
]
